{
  "name": "@proyecto26/animatable-component",
  "version": "0.0.8",
  "lockfileVersion": 1,
  "requires": true,
  "dependencies": {
    "@stencil/core": {
      "version": "1.7.4",
      "resolved": "https://registry.npmjs.org/@stencil/core/-/core-1.7.4.tgz",
      "integrity": "sha512-9Ges/ttTIB9jka59cWQcVR40G2I4jM1KPtv+wB5yEnQwaPQucURklfaodkuqYMq0zvI9e0da/Tvg/7Ydss4Hpg==",
      "dev": true,
      "requires": {
        "typescript": "3.6.3"
      }
    },
    "typescript": {
      "version": "3.6.3",
      "resolved": "https://registry.npmjs.org/typescript/-/typescript-3.6.3.tgz",
      "integrity": "sha512-N7bceJL1CtRQ2RiG0AQME13ksR7DiuQh/QehubYcghzv20tnh+MQnQIuJddTmsbqYj+dztchykemz0zFzlvdQw==",
      "dev": true
    }
  }
}
