{
  "name": "demo-stencil",
  "version": "0.0.1",
  "lockfileVersion": 1,
  "requires": true,
  "dependencies": {
    "@ionic/core": {
      "version": "5.4.1",
      "resolved": "https://registry.npmjs.org/@ionic/core/-/core-5.4.1.tgz",
      "integrity": "sha512-yONXeHjbVGUSL7zPgiCv0fQkw47VHJJ+8zVkYgTg4At+B0VhoLAMgS/ah3EUwSVTOATXdHa6Ak5+71uHPKpViQ==",
      "dev": true,
      "requires": {
        "ionicons": "^5.1.2",
        "tslib": "^1.10.0"
      }
    },
    "@proyecto26/animatable-component": {
      "version": "file:.."
    },
    "@stencil/core": {
      "version": "2.2.0",
      "resolved": "https://registry.npmjs.org/@stencil/core/-/core-2.2.0.tgz",
      "integrity": "sha512-2V+DEUs9wvkcgnIIs0huye/M1v7x6qEzeOjp056RQlB08U1I4ex3vnBoE0/CrR35wK3ZZv2JYPOfBUuqR+6AAg==",
      "dev": true
    },
    "ionicons": {
      "version": "5.2.3",
      "resolved": "https://registry.npmjs.org/ionicons/-/ionicons-5.2.3.tgz",
      "integrity": "sha512-87qtgBkieKVFagwYA9Cf91B3PCahQbEOMwMt8bSvlQSgflZ4eE5qI4MGj2ZlIyadeX0dgo+0CzZsy3ow0CsBAg==",
      "dev": true
    },
    "tslib": {
      "version": "1.14.1",
      "resolved": "https://registry.npmjs.org/tslib/-/tslib-1.14.1.tgz",
      "integrity": "sha512-Xni35NKzjgMrwevysHTCArtLDpPvye8zV/0E4EyYn43P7/7qvQwPh9BGkHewbMulVntbigmcT7rdX3BNo9wRJg==",
      "dev": true
    },
    "web-animations-js": {
      "version": "2.3.2",
      "resolved": "https://registry.npmjs.org/web-animations-js/-/web-animations-js-2.3.2.tgz",
      "integrity": "sha512-TOMFWtQdxzjWp8qx4DAraTWTsdhxVSiWa6NkPFSaPtZ1diKUxTn4yTix73A1euG1WbSOMMPcY51cnjTIHrGtDA=="
    }
  }
}
